PODS:
  - ISCProject (0.2.1)

DEPENDENCIES:
  - ISCProject (from `git@git.xiaojukeji.com:zhangkaiming/ISCForOneProject.git`, branch
    `develop`)

EXTERNAL SOURCES:
  ISCProject:
    :branch: develop
    :git: git@git.xiaojukeji.com:zhangkaiming/ISCForOneProject.git

CHECKOUT OPTIONS:
  ISCProject:
    :commit: 56bd49a40524541e4b95b00e1777ac10dab8d5fd
    :git: git@git.xiaojukeji.com:zhangkaiming/ISCForOneProject.git

SPEC CHECKSUMS:
  ISCProject: 02d1512d2f6761732a02ed3934ecfeb1c06f2016

COCOAPODS: 0.39.0
