PODS:
  - ISCProject (0.2.1):
    - TTTAttributedLabel (~> 1.13.4)
  - TTTAttributedLabel (1.13.4)

DEPENDENCIES:
  - ISCProject (from `git@git.xiaojukeji.com:zhangkaiming/ISCForOneProject.git`, branch
    `develop`)

EXTERNAL SOURCES:
  ISCProject:
    :branch: develop
    :git: git@git.xiaojukeji.com:zhangkaiming/ISCForOneProject.git

CHECKOUT OPTIONS:
  ISCProject:
    :commit: a3181b8e65d93314a75b1f85b937e43d3f93a2bc
    :git: git@git.xiaojukeji.com:zhangkaiming/ISCForOneProject.git

SPEC CHECKSUMS:
  ISCProject: 45ff953aabefdf422374f48b37106a8073da44e1
  TTTAttributedLabel: 0a2ac7b2dd726d32a070dafb01446026b11e624f

COCOAPODS: 0.39.0
